{
  "requires": true,
  "lockfileVersion": 1,
  "dependencies": {
    "bootpag": {
      "version": "1.0.7",
      "resolved": "https://registry.npmjs.org/bootpag/-/bootpag-1.0.7.tgz",
      "integrity": "sha1-8Ww64iRWSq7RWFOJVKarYRuMAc0=",
      "requires": {
        "jquery": "3.2.1"
      }
    },
    "jquery": {
      "version": "3.2.1",
      "resolved": "https://registry.npmjs.org/jquery/-/jquery-3.2.1.tgz",
      "integrity": "sha1-XE2d5lKvbNCncBVKYxu6ErAVx4c="
    }
  }
}
